
Microsoft Visual Studio Solution File, Format Version 12.00
# Visual Studio 2012
Project("{FAE04EC0-301F-11D3-BF4B-00C04F79EFBC}") = "Edge.PowerShell", "Edge.PowerShell\Edge.PowerShell.csproj", "{D5A5DF8F-2B03-4E7F-95EC-96A022A16DE0}"
EndProject
Global
	GlobalSection(SolutionConfigurationPlatforms) = preSolution
		Debug|Any CPU = Debug|Any CPU
		Release|Any CPU = Release|Any CPU
	EndGlobalSection
	GlobalSection(ProjectConfigurationPlatforms) = postSolution
		{D5A5DF8F-2B03-4E7F-95EC-96A022A16DE0}.Debug|Any CPU.ActiveCfg = Debug|Any CPU
		{D5A5DF8F-2B03-4E7F-95EC-96A022A16DE0}.Debug|Any CPU.Build.0 = Debug|Any CPU
		{D5A5DF8F-2B03-4E7F-95EC-96A022A16DE0}.Release|Any CPU.ActiveCfg = Release|Any CPU
		{D5A5DF8F-2B03-4E7F-95EC-96A022A16DE0}.Release|Any CPU.Build.0 = Release|Any CPU
	EndGlobalSection
	GlobalSection(SolutionProperties) = preSolution
		HideSolutionNode = FALSE
	EndGlobalSection
EndGlobal
